{
  "version": 4,
  "terraform_version": "1.13.3",
  "serial": 1,
  "lineage": "c6c6d48c-77ab-2e2e-ce4e-9fecd35a1272",
  "outputs": {},
  "resources": [
    {
      "mode": "managed",
      "type": "github_repository",
      "name": "repos",
      "provider": "provider[\"registry.terraform.io/integrations/github\"]",
      "instances": [
        {
          "index_key": "repo-one",
          "schema_version": 1,
          "attributes": {
            "allow_auto_merge": false,
            "allow_merge_commit": true,
            "allow_rebase_merge": true,
            "allow_squash_merge": true,
            "allow_update_branch": false,
            "archive_on_destroy": null,
            "archived": false,
            "auto_init": true,
            "default_branch": "main",
            "delete_branch_on_merge": false,
            "description": "Terraform-managed repository: repo-one",
            "etag": "W/\"ec3ec024608e3211e04ca8248c521366c8a488efb63d577c0d2ae2cf3804d5be\"",
            "full_name": "RunBetaBiz/repo-one",
            "git_clone_url": "git://github.com/RunBetaBiz/repo-one.git",
            "gitignore_template": null,
            "has_discussions": false,
            "has_downloads": false,
            "has_issues": false,
            "has_projects": false,
            "has_wiki": false,
            "homepage_url": "",
            "html_url": "https://github.com/RunBetaBiz/repo-one",
            "http_clone_url": "https://github.com/RunBetaBiz/repo-one.git",
            "id": "repo-one",
            "ignore_vulnerability_alerts_during_read": null,
            "is_template": false,
            "license_template": null,
            "merge_commit_message": "PR_TITLE",
            "merge_commit_title": "MERGE_MESSAGE",
            "name": "repo-one",
            "node_id": "R_kgDOPx9qEA",
            "pages": [],
            "primary_language": "",
            "private": true,
            "repo_id": 1059023376,
            "security_and_analysis": [],
            "squash_merge_commit_message": "COMMIT_MESSAGES",
            "squash_merge_commit_title": "COMMIT_OR_PR_TITLE",
            "ssh_clone_url": "git@github.com:RunBetaBiz/repo-one.git",
            "svn_url": "https://github.com/RunBetaBiz/repo-one",
            "template": [],
            "topics": [],
            "visibility": "private",
            "vulnerability_alerts": false,
            "web_commit_signoff_required": false
          },
          "sensitive_attributes": [],
          "identity_schema_version": 0,
          "private": "eyJzY2hlbWFfdmVyc2lvbiI6IjEifQ=="
        }
      ]
    }
  ],
  "check_results": null
}
